// !$*UTF8*$!
{
	archiveVersion = 1;
	classes = {
	};
	objectVersion = 46;
	objects = {

/* Begin PBXBuildFile section */
		4039F7D41757F5E400ACA2B2 /* AVFoundation.framework in Frameworks */ = {isa = PBXBuildFile; fileRef = 4039F7D31757F5E400ACA2B2 /* AVFoundation.framework */; };
		40AAB3E51767839600F6E5F5 /* CoreMedia.framework in Frameworks */ = {isa = PBXBuildFile; fileRef = 4039F7D11757F5DC00ACA2B2 /* CoreMedia.framework */; };
		5D02B4C9174E74EB009014FD /* readme.md in Resources */ = {isa = PBXBuildFile; fileRef = 5D02B4C8174E74EB009014FD /* readme.md */; };
		CF023F0E17CAA8410088005A /* CoreVideo.framework in Frameworks */ = {isa = PBXBuildFile; fileRef = CF023F0D17CAA8410088005A /* CoreVideo.framework */; };
		CF09731E17CBD73700663ADD /* TRScrollingTieRackView.m in Sources */ = {isa = PBXBuildFile; fileRef = CF09731D17CBD73700663ADD /* TRScrollingTieRackView.m */; };
		CF3887711813A7E30014F3DB /* icon-blue.png in Resources */ = {isa = PBXBuildFile; fileRef = CF38876E1813A7E30014F3DB /* icon-blue.png */; };
		CF3887721813A7E30014F3DB /* icon-red.png in Resources */ = {isa = PBXBuildFile; fileRef = CF38876F1813A7E30014F3DB /* icon-red.png */; };
		CF3887731813A7E30014F3DB /* cows-with-signs.png in Resources */ = {isa = PBXBuildFile; fileRef = CF3887701813A7E30014F3DB /* cows-with-signs.png */; };
		CF47C55E1815CFC800167C0E /* icon-master.png in Resources */ = {isa = PBXBuildFile; fileRef = CF47C5561815CFC800167C0E /* icon-master.png */; };
		CF47C55F1815CFC800167C0E /* Icon-Small.png in Resources */ = {isa = PBXBuildFile; fileRef = CF47C5571815CFC800167C0E /* Icon-Small.png */; };
		CF47C5601815CFC800167C0E /* Icon-Small@2x.png in Resources */ = {isa = PBXBuildFile; fileRef = CF47C5581815CFC800167C0E /* Icon-Small@2x.png */; };
		CF47C5611815CFC800167C0E /* Icon.png in Resources */ = {isa = PBXBuildFile; fileRef = CF47C5591815CFC800167C0E /* Icon.png */; };
		CF47C5621815CFC800167C0E /* Icon@2x.png in Resources */ = {isa = PBXBuildFile; fileRef = CF47C55A1815CFC800167C0E /* Icon@2x.png */; };
		CF47C5631815CFC800167C0E /* iTunesArtwork in Resources */ = {isa = PBXBuildFile; fileRef = CF47C55B1815CFC800167C0E /* iTunesArtwork */; };
		CF47C5641815CFC800167C0E /* iTunesArtwork@2x in Resources */ = {isa = PBXBuildFile; fileRef = CF47C55C1815CFC800167C0E /* iTunesArtwork@2x */; };
		CF47C5681815D07700167C0E /* Icon-80.png in Resources */ = {isa = PBXBuildFile; fileRef = CF47C5651815D07700167C0E /* Icon-80.png */; };
		CF47C5691815D07700167C0E /* Icon-58.png in Resources */ = {isa = PBXBuildFile; fileRef = CF47C5661815D07700167C0E /* Icon-58.png */; };
		CF47C56A1815D07700167C0E /* Icon-120.png in Resources */ = {isa = PBXBuildFile; fileRef = CF47C5671815D07700167C0E /* Icon-120.png */; };
		CF47C56D1815D94200167C0E /* TRSplashViewController.m in Sources */ = {isa = PBXBuildFile; fileRef = CF47C56C1815D94200167C0E /* TRSplashViewController.m */; };
		CF47C5731815E73100167C0E /* camera.png in Resources */ = {isa = PBXBuildFile; fileRef = CF47C56F1815E73100167C0E /* camera.png */; };
		CF47C5741815E73100167C0E /* MobileITSolutionsAd.png in Resources */ = {isa = PBXBuildFile; fileRef = CF47C5701815E73100167C0E /* MobileITSolutionsAd.png */; };
		CF4DD14017B29295007550DE /* leadercast.png in Resources */ = {isa = PBXBuildFile; fileRef = CF4DD13E17B29295007550DE /* leadercast.png */; };
		CF4DD14117B29295007550DE /* usa.png in Resources */ = {isa = PBXBuildFile; fileRef = CF4DD13F17B29295007550DE /* usa.png */; };
		CF4E76FD17CCCCA400F4D226 /* TieRack-imageBrand.png in Resources */ = {isa = PBXBuildFile; fileRef = CF4E76FC17CCCCA400F4D226 /* TieRack-imageBrand.png */; };
		CF4E770017CD1DA200F4D226 /* leadercast-grey.png in Resources */ = {isa = PBXBuildFile; fileRef = CF4E76FE17CD1DA200F4D226 /* leadercast-grey.png */; };
		CF4E770117CD1DA200F4D226 /* college-kickoff.png in Resources */ = {isa = PBXBuildFile; fileRef = CF4E76FF17CD1DA200F4D226 /* college-kickoff.png */; };
		CF81306C17B3103B00ABEB04 /* orange.png in Resources */ = {isa = PBXBuildFile; fileRef = CF81306B17B3103B00ABEB04 /* orange.png */; };
		CF81306F17B3594200ABEB04 /* TRTiesListModel.m in Sources */ = {isa = PBXBuildFile; fileRef = CF81306E17B3594200ABEB04 /* TRTiesListModel.m */; };
		CF81307117B3F44F00ABEB04 /* icon-green.png in Resources */ = {isa = PBXBuildFile; fileRef = CF81307017B3F44F00ABEB04 /* icon-green.png */; };
		CF81307317B43CB900ABEB04 /* fruitypepples.png in Resources */ = {isa = PBXBuildFile; fileRef = CF81307217B43CB900ABEB04 /* fruitypepples.png */; };
		CF81307517B43EEA00ABEB04 /* icon-yellow.png in Resources */ = {isa = PBXBuildFile; fileRef = CF81307417B43EEA00ABEB04 /* icon-yellow.png */; };
		CF8130D217B7141E00ABEB04 /* Attribution.txt in Resources */ = {isa = PBXBuildFile; fileRef = CF8130D117B7141E00ABEB04 /* Attribution.txt */; };
		CF8130DA17B7507A00ABEB04 /* TRPhotoBuilder.m in Sources */ = {isa = PBXBuildFile; fileRef = CF8130D917B7507A00ABEB04 /* TRPhotoBuilder.m */; };
		CF8130E017B8149900ABEB04 /* TRHomeViewController.m in Sources */ = {isa = PBXBuildFile; fileRef = CF8130DF17B8149800ABEB04 /* TRHomeViewController.m */; };
		CFC80383174C0FE0006B492F /* UIKit.framework in Frameworks */ = {isa = PBXBuildFile; fileRef = CFC80382174C0FE0006B492F /* UIKit.framework */; };
		CFC80385174C0FE0006B492F /* Foundation.framework in Frameworks */ = {isa = PBXBuildFile; fileRef = CFC80384174C0FE0006B492F /* Foundation.framework */; };
		CFC80387174C0FE0006B492F /* CoreGraphics.framework in Frameworks */ = {isa = PBXBuildFile; fileRef = CFC80386174C0FE0006B492F /* CoreGraphics.framework */; };
		CFC8038D174C0FE0006B492F /* InfoPlist.strings in Resources */ = {isa = PBXBuildFile; fileRef = CFC8038B174C0FE0006B492F /* InfoPlist.strings */; };
		CFC8038F174C0FE0006B492F /* main.m in Sources */ = {isa = PBXBuildFile; fileRef = CFC8038E174C0FE0006B492F /* main.m */; };
		CFC80393174C0FE0006B492F /* TRAppDelegate.m in Sources */ = {isa = PBXBuildFile; fileRef = CFC80392174C0FE0006B492F /* TRAppDelegate.m */; };
		CFC86BB21816298C00584E29 /* KTIDayAd.png in Resources */ = {isa = PBXBuildFile; fileRef = CFC86BB01816298C00584E29 /* KTIDayAd.png */; };
		CFC86BB31816298C00584E29 /* KTIDayAd@2x.png in Resources */ = {isa = PBXBuildFile; fileRef = CFC86BB11816298C00584E29 /* KTIDayAd@2x.png */; };
		CFC86BB61816333100584E29 /* KTIPreviewAd.png in Resources */ = {isa = PBXBuildFile; fileRef = CFC86BB41816333100584E29 /* KTIPreviewAd.png */; };
		CFC86BB71816333100584E29 /* KTIPreviewAd@2x.png in Resources */ = {isa = PBXBuildFile; fileRef = CFC86BB51816333100584E29 /* KTIPreviewAd@2x.png */; };
		CFC86BB918163AAD00584E29 /* MobileITSolutionsAd@2x.png in Resources */ = {isa = PBXBuildFile; fileRef = CFC86BB818163AAD00584E29 /* MobileITSolutionsAd@2x.png */; };
		CFD519F21816BA1F00113AB2 /* HowToUse.png in Resources */ = {isa = PBXBuildFile; fileRef = CFD519F01816BA1F00113AB2 /* HowToUse.png */; };
		CFD519F31816BA1F00113AB2 /* HowToUse@2x.png in Resources */ = {isa = PBXBuildFile; fileRef = CFD519F11816BA1F00113AB2 /* HowToUse@2x.png */; };
		CFD519F51819B25800113AB2 /* icon-black.png in Resources */ = {isa = PBXBuildFile; fileRef = CFD519F41819B25800113AB2 /* icon-black.png */; };
		CFF45AE11815B18E009C0D8C /* Default~iphone.png in Resources */ = {isa = PBXBuildFile; fileRef = CFF45ADD1815B18E009C0D8C /* Default~iphone.png */; };
		CFF45AE21815B18E009C0D8C /* Default@2x~iphone.png in Resources */ = {isa = PBXBuildFile; fileRef = CFF45ADE1815B18E009C0D8C /* Default@2x~iphone.png */; };
		CFF45AE31815B18E009C0D8C /* Default-568h@2x~iphone.png in Resources */ = {isa = PBXBuildFile; fileRef = CFF45ADF1815B18E009C0D8C /* Default-568h@2x~iphone.png */; };
		F31CF30C1755110400F9B324 /* TRViewController.m in Sources */ = {isa = PBXBuildFile; fileRef = F31CF30A1755110400F9B324 /* TRViewController.m */; };
		F31CF30D1755110400F9B324 /* TRViewController.xib in Resources */ = {isa = PBXBuildFile; fileRef = F31CF30B1755110400F9B324 /* TRViewController.xib */; };
/* End PBXBuildFile section */

/* Begin PBXFileReference section */
		4039F7D11757F5DC00ACA2B2 /* CoreMedia.framework */ = {isa = PBXFileReference; lastKnownFileType = wrapper.framework; name = CoreMedia.framework; path = System/Library/Frameworks/CoreMedia.framework; sourceTree = SDKROOT; };
		4039F7D31757F5E400ACA2B2 /* AVFoundation.framework */ = {isa = PBXFileReference; lastKnownFileType = wrapper.framework; name = AVFoundation.framework; path = System/Library/Frameworks/AVFoundation.framework; sourceTree = SDKROOT; };
		5D02B4C8174E74EB009014FD /* readme.md */ = {isa = PBXFileReference; fileEncoding = 4; lastKnownFileType = text; path = readme.md; sourceTree = SOURCE_ROOT; };
		CF023F0D17CAA8410088005A /* CoreVideo.framework */ = {isa = PBXFileReference; lastKnownFileType = wrapper.framework; name = CoreVideo.framework; path = System/Library/Frameworks/CoreVideo.framework; sourceTree = SDKROOT; };
		CF09731C17CBD73700663ADD /* TRScrollingTieRackView.h */ = {isa = PBXFileReference; fileEncoding = 4; lastKnownFileType = sourcecode.c.h; path = TRScrollingTieRackView.h; sourceTree = "<group>"; };
		CF09731D17CBD73700663ADD /* TRScrollingTieRackView.m */ = {isa = PBXFileReference; fileEncoding = 4; lastKnownFileType = sourcecode.c.objc; path = TRScrollingTieRackView.m; sourceTree = "<group>"; };
		CF38876E1813A7E30014F3DB /* icon-blue.png */ = {isa = PBXFileReference; lastKnownFileType = image.png; name = "icon-blue.png"; path = "ties/icon-blue.png"; sourceTree = "<group>"; };
		CF38876F1813A7E30014F3DB /* icon-red.png */ = {isa = PBXFileReference; lastKnownFileType = image.png; name = "icon-red.png"; path = "ties/icon-red.png"; sourceTree = "<group>"; };
		CF3887701813A7E30014F3DB /* cows-with-signs.png */ = {isa = PBXFileReference; lastKnownFileType = image.png; name = "cows-with-signs.png"; path = "ties/cows-with-signs.png"; sourceTree = "<group>"; };
		CF47C5561815CFC800167C0E /* icon-master.png */ = {isa = PBXFileReference; lastKnownFileType = image.png; path = "icon-master.png"; sourceTree = "<group>"; };
		CF47C5571815CFC800167C0E /* Icon-Small.png */ = {isa = PBXFileReference; lastKnownFileType = image.png; path = "Icon-Small.png"; sourceTree = "<group>"; };
		CF47C5581815CFC800167C0E /* Icon-Small@2x.png */ = {isa = PBXFileReference; lastKnownFileType = image.png; path = "Icon-Small@2x.png"; sourceTree = "<group>"; };
		CF47C5591815CFC800167C0E /* Icon.png */ = {isa = PBXFileReference; lastKnownFileType = image.png; path = Icon.png; sourceTree = "<group>"; };
		CF47C55A1815CFC800167C0E /* Icon@2x.png */ = {isa = PBXFileReference; lastKnownFileType = image.png; path = "Icon@2x.png"; sourceTree = "<group>"; };
		CF47C55B1815CFC800167C0E /* iTunesArtwork */ = {isa = PBXFileReference; lastKnownFileType = file; path = iTunesArtwork; sourceTree = "<group>"; };
		CF47C55C1815CFC800167C0E /* iTunesArtwork@2x */ = {isa = PBXFileReference; lastKnownFileType = file; path = "iTunesArtwork@2x"; sourceTree = "<group>"; };
		CF47C5651815D07700167C0E /* Icon-80.png */ = {isa = PBXFileReference; lastKnownFileType = image.png; path = "Icon-80.png"; sourceTree = "<group>"; };
		CF47C5661815D07700167C0E /* Icon-58.png */ = {isa = PBXFileReference; lastKnownFileType = image.png; path = "Icon-58.png"; sourceTree = "<group>"; };
		CF47C5671815D07700167C0E /* Icon-120.png */ = {isa = PBXFileReference; lastKnownFileType = image.png; path = "Icon-120.png"; sourceTree = "<group>"; };
		CF47C56B1815D94200167C0E /* TRSplashViewController.h */ = {isa = PBXFileReference; fileEncoding = 4; lastKnownFileType = sourcecode.c.h; path = TRSplashViewController.h; sourceTree = "<group>"; };
		CF47C56C1815D94200167C0E /* TRSplashViewController.m */ = {isa = PBXFileReference; fileEncoding = 4; lastKnownFileType = sourcecode.c.objc; path = TRSplashViewController.m; sourceTree = "<group>"; };
		CF47C56F1815E73100167C0E /* camera.png */ = {isa = PBXFileReference; lastKnownFileType = image.png; path = camera.png; sourceTree = "<group>"; };
		CF47C5701815E73100167C0E /* MobileITSolutionsAd.png */ = {isa = PBXFileReference; lastKnownFileType = image.png; path = MobileITSolutionsAd.png; sourceTree = "<group>"; };
		CF47C5721815E73100167C0E /* TieRack-imageBrand.png */ = {isa = PBXFileReference; lastKnownFileType = image.png; path = "TieRack-imageBrand.png"; sourceTree = "<group>"; };
		CF4DD13E17B29295007550DE /* leadercast.png */ = {isa = PBXFileReference; lastKnownFileType = image.png; name = leadercast.png; path = ties/leadercast.png; sourceTree = "<group>"; };
		CF4DD13F17B29295007550DE /* usa.png */ = {isa = PBXFileReference; lastKnownFileType = image.png; name = usa.png; path = ties/usa.png; sourceTree = "<group>"; };
		CF4E76FC17CCCCA400F4D226 /* TieRack-imageBrand.png */ = {isa = PBXFileReference; lastKnownFileType = image.png; name = "TieRack-imageBrand.png"; path = "img/TieRack-imageBrand.png"; sourceTree = "<group>"; };
		CF4E76FE17CD1DA200F4D226 /* leadercast-grey.png */ = {isa = PBXFileReference; lastKnownFileType = image.png; name = "leadercast-grey.png"; path = "ties/leadercast-grey.png"; sourceTree = "<group>"; };
		CF4E76FF17CD1DA200F4D226 /* college-kickoff.png */ = {isa = PBXFileReference; lastKnownFileType = image.png; name = "college-kickoff.png"; path = "ties/college-kickoff.png"; sourceTree = "<group>"; };
		CF81306B17B3103B00ABEB04 /* orange.png */ = {isa = PBXFileReference; lastKnownFileType = image.png; name = orange.png; path = ties/orange.png; sourceTree = "<group>"; };
		CF81306D17B3594200ABEB04 /* TRTiesListModel.h */ = {isa = PBXFileReference; fileEncoding = 4; lastKnownFileType = sourcecode.c.h; path = TRTiesListModel.h; sourceTree = "<group>"; };
		CF81306E17B3594200ABEB04 /* TRTiesListModel.m */ = {isa = PBXFileReference; fileEncoding = 4; lastKnownFileType = sourcecode.c.objc; path = TRTiesListModel.m; sourceTree = "<group>"; };
		CF81307017B3F44F00ABEB04 /* icon-green.png */ = {isa = PBXFileReference; lastKnownFileType = image.png; name = "icon-green.png"; path = "ties/icon-green.png"; sourceTree = "<group>"; };
		CF81307217B43CB900ABEB04 /* fruitypepples.png */ = {isa = PBXFileReference; lastKnownFileType = image.png; name = fruitypepples.png; path = ties/fruitypepples.png; sourceTree = "<group>"; };
		CF81307417B43EEA00ABEB04 /* icon-yellow.png */ = {isa = PBXFileReference; lastKnownFileType = image.png; name = "icon-yellow.png"; path = "ties/icon-yellow.png"; sourceTree = "<group>"; };
		CF8130D117B7141E00ABEB04 /* Attribution.txt */ = {isa = PBXFileReference; fileEncoding = 4; lastKnownFileType = text; path = Attribution.txt; sourceTree = "<group>"; };
		CF8130D317B7154600ABEB04 /* camera.png */ = {isa = PBXFileReference; lastKnownFileType = image.png; name = camera.png; path = img/camera.png; sourceTree = "<group>"; };
		CF8130D817B7507900ABEB04 /* TRPhotoBuilder.h */ = {isa = PBXFileReference; fileEncoding = 4; lastKnownFileType = sourcecode.c.h; path = TRPhotoBuilder.h; sourceTree = "<group>"; };
		CF8130D917B7507A00ABEB04 /* TRPhotoBuilder.m */ = {isa = PBXFileReference; fileEncoding = 4; lastKnownFileType = sourcecode.c.objc; path = TRPhotoBuilder.m; sourceTree = "<group>"; };
		CF8130DE17B8149800ABEB04 /* TRHomeViewController.h */ = {isa = PBXFileReference; fileEncoding = 4; lastKnownFileType = sourcecode.c.h; path = TRHomeViewController.h; sourceTree = "<group>"; };
		CF8130DF17B8149800ABEB04 /* TRHomeViewController.m */ = {isa = PBXFileReference; fileEncoding = 4; lastKnownFileType = sourcecode.c.objc; path = TRHomeViewController.m; sourceTree = "<group>"; };
		CFC8037F174C0FE0006B492F /* Tie Rack.app */ = {isa = PBXFileReference; explicitFileType = wrapper.application; includeInIndex = 0; path = "Tie Rack.app"; sourceTree = BUILT_PRODUCTS_DIR; };
		CFC80382174C0FE0006B492F /* UIKit.framework */ = {isa = PBXFileReference; lastKnownFileType = wrapper.framework; name = UIKit.framework; path = System/Library/Frameworks/UIKit.framework; sourceTree = SDKROOT; };
		CFC80384174C0FE0006B492F /* Foundation.framework */ = {isa = PBXFileReference; lastKnownFileType = wrapper.framework; name = Foundation.framework; path = System/Library/Frameworks/Foundation.framework; sourceTree = SDKROOT; };
		CFC80386174C0FE0006B492F /* CoreGraphics.framework */ = {isa = PBXFileReference; lastKnownFileType = wrapper.framework; name = CoreGraphics.framework; path = System/Library/Frameworks/CoreGraphics.framework; sourceTree = SDKROOT; };
		CFC8038A174C0FE0006B492F /* Tie Rack-Info.plist */ = {isa = PBXFileReference; lastKnownFileType = text.plist.xml; path = "Tie Rack-Info.plist"; sourceTree = "<group>"; };
		CFC8038C174C0FE0006B492F /* en */ = {isa = PBXFileReference; lastKnownFileType = text.plist.strings; name = en; path = en.lproj/InfoPlist.strings; sourceTree = "<group>"; };
		CFC8038E174C0FE0006B492F /* main.m */ = {isa = PBXFileReference; lastKnownFileType = sourcecode.c.objc; path = main.m; sourceTree = "<group>"; };
		CFC80390174C0FE0006B492F /* Tie Rack-Prefix.pch */ = {isa = PBXFileReference; lastKnownFileType = sourcecode.c.h; path = "Tie Rack-Prefix.pch"; sourceTree = "<group>"; };
		CFC80391174C0FE0006B492F /* TRAppDelegate.h */ = {isa = PBXFileReference; lastKnownFileType = sourcecode.c.h; path = TRAppDelegate.h; sourceTree = "<group>"; };
		CFC80392174C0FE0006B492F /* TRAppDelegate.m */ = {isa = PBXFileReference; lastKnownFileType = sourcecode.c.objc; path = TRAppDelegate.m; sourceTree = "<group>"; };
		CFC86BB01816298C00584E29 /* KTIDayAd.png */ = {isa = PBXFileReference; lastKnownFileType = image.png; path = KTIDayAd.png; sourceTree = "<group>"; };
		CFC86BB11816298C00584E29 /* KTIDayAd@2x.png */ = {isa = PBXFileReference; lastKnownFileType = image.png; path = "KTIDayAd@2x.png"; sourceTree = "<group>"; };
		CFC86BB41816333100584E29 /* KTIPreviewAd.png */ = {isa = PBXFileReference; lastKnownFileType = image.png; path = KTIPreviewAd.png; sourceTree = "<group>"; };
		CFC86BB51816333100584E29 /* KTIPreviewAd@2x.png */ = {isa = PBXFileReference; lastKnownFileType = image.png; path = "KTIPreviewAd@2x.png"; sourceTree = "<group>"; };
		CFC86BB818163AAD00584E29 /* MobileITSolutionsAd@2x.png */ = {isa = PBXFileReference; lastKnownFileType = image.png; path = "MobileITSolutionsAd@2x.png"; sourceTree = "<group>"; };
		CFD519F01816BA1F00113AB2 /* HowToUse.png */ = {isa = PBXFileReference; lastKnownFileType = image.png; path = HowToUse.png; sourceTree = "<group>"; };
		CFD519F11816BA1F00113AB2 /* HowToUse@2x.png */ = {isa = PBXFileReference; lastKnownFileType = image.png; path = "HowToUse@2x.png"; sourceTree = "<group>"; };
		CFD519F41819B25800113AB2 /* icon-black.png */ = {isa = PBXFileReference; lastKnownFileType = image.png; name = "icon-black.png"; path = "ties/icon-black.png"; sourceTree = "<group>"; };
		CFF45ADD1815B18E009C0D8C /* Default~iphone.png */ = {isa = PBXFileReference; lastKnownFileType = image.png; path = "Default~iphone.png"; sourceTree = "<group>"; };
		CFF45ADE1815B18E009C0D8C /* Default@2x~iphone.png */ = {isa = PBXFileReference; lastKnownFileType = image.png; path = "Default@2x~iphone.png"; sourceTree = "<group>"; };
		CFF45ADF1815B18E009C0D8C /* Default-568h@2x~iphone.png */ = {isa = PBXFileReference; lastKnownFileType = image.png; path = "Default-568h@2x~iphone.png"; sourceTree = "<group>"; };
		F31CF3091755110400F9B324 /* TRViewController.h */ = {isa = PBXFileReference; fileEncoding = 4; lastKnownFileType = sourcecode.c.h; path = TRViewController.h; sourceTree = "<group>"; };
		F31CF30A1755110400F9B324 /* TRViewController.m */ = {isa = PBXFileReference; fileEncoding = 4; lastKnownFileType = sourcecode.c.objc; path = TRViewController.m; sourceTree = "<group>"; };
		F31CF30B1755110400F9B324 /* TRViewController.xib */ = {isa = PBXFileReference; fileEncoding = 4; lastKnownFileType = file.xib; path = TRViewController.xib; sourceTree = "<group>"; };
/* End PBXFileReference section */

/* Begin PBXFrameworksBuildPhase section */
		CFC8037C174C0FE0006B492F /* Frameworks */ = {
			isa = PBXFrameworksBuildPhase;
			buildActionMask = 2147483647;
			files = (
				CF023F0E17CAA8410088005A /* CoreVideo.framework in Frameworks */,
				40AAB3E51767839600F6E5F5 /* CoreMedia.framework in Frameworks */,
				4039F7D41757F5E400ACA2B2 /* AVFoundation.framework in Frameworks */,
				CFC80383174C0FE0006B492F /* UIKit.framework in Frameworks */,
				CFC80385174C0FE0006B492F /* Foundation.framework in Frameworks */,
				CFC80387174C0FE0006B492F /* CoreGraphics.framework in Frameworks */,
			);
			runOnlyForDeploymentPostprocessing = 0;
		};
/* End PBXFrameworksBuildPhase section */

/* Begin PBXGroup section */
		CF47C5541815CFC800167C0E /* icons */ = {
			isa = PBXGroup;
			children = (
				CF47C5651815D07700167C0E /* Icon-80.png */,
				CF47C5661815D07700167C0E /* Icon-58.png */,
				CF47C5671815D07700167C0E /* Icon-120.png */,
				CF47C5561815CFC800167C0E /* icon-master.png */,
				CF47C5571815CFC800167C0E /* Icon-Small.png */,
				CF47C5581815CFC800167C0E /* Icon-Small@2x.png */,
				CF47C5591815CFC800167C0E /* Icon.png */,
				CF47C55A1815CFC800167C0E /* Icon@2x.png */,
				CF47C55B1815CFC800167C0E /* iTunesArtwork */,
				CF47C55C1815CFC800167C0E /* iTunesArtwork@2x */,
			);
			path = icons;
			sourceTree = "<group>";
		};
		CF47C56E1815E73100167C0E /* img */ = {
			isa = PBXGroup;
			children = (
				CFD519F01816BA1F00113AB2 /* HowToUse.png */,
				CFD519F11816BA1F00113AB2 /* HowToUse@2x.png */,
				CFC86BB818163AAD00584E29 /* MobileITSolutionsAd@2x.png */,
				CFC86BB41816333100584E29 /* KTIPreviewAd.png */,
				CFC86BB51816333100584E29 /* KTIPreviewAd@2x.png */,
				CFC86BB01816298C00584E29 /* KTIDayAd.png */,
				CFC86BB11816298C00584E29 /* KTIDayAd@2x.png */,
				CF47C56F1815E73100167C0E /* camera.png */,
				CF47C5701815E73100167C0E /* MobileITSolutionsAd.png */,
				CF47C5721815E73100167C0E /* TieRack-imageBrand.png */,
			);
			path = img;
			sourceTree = "<group>";
		};
		CF4DD13D17B29262007550DE /* ties */ = {
			isa = PBXGroup;
			children = (
				CFD519F41819B25800113AB2 /* icon-black.png */,
				CF38876E1813A7E30014F3DB /* icon-blue.png */,
				CF38876F1813A7E30014F3DB /* icon-red.png */,
				CF3887701813A7E30014F3DB /* cows-with-signs.png */,
				CF4E76FE17CD1DA200F4D226 /* leadercast-grey.png */,
				CF4E76FF17CD1DA200F4D226 /* college-kickoff.png */,
				CF81307417B43EEA00ABEB04 /* icon-yellow.png */,
				CF81307217B43CB900ABEB04 /* fruitypepples.png */,
				CF81307017B3F44F00ABEB04 /* icon-green.png */,
				CF81306B17B3103B00ABEB04 /* orange.png */,
				CF4DD13E17B29295007550DE /* leadercast.png */,
				CF4DD13F17B29295007550DE /* usa.png */,
			);
			name = ties;
			sourceTree = "<group>";
		};
		CFC80376174C0FE0006B492F = {
			isa = PBXGroup;
			children = (
				CF47C5541815CFC800167C0E /* icons */,
				CFF45AE51815B1A1009C0D8C /* Package Assets */,
				CF023F0D17CAA8410088005A /* CoreVideo.framework */,
				CFC80388174C0FE0006B492F /* Tie Rack */,
				CFC80381174C0FE0006B492F /* Frameworks */,
				CFC80380174C0FE0006B492F /* Products */,
			);
			sourceTree = "<group>";
		};
		CFC80380174C0FE0006B492F /* Products */ = {
			isa = PBXGroup;
			children = (
				CFC8037F174C0FE0006B492F /* Tie Rack.app */,
			);
			name = Products;
			sourceTree = "<group>";
		};
		CFC80381174C0FE0006B492F /* Frameworks */ = {
			isa = PBXGroup;
			children = (
				4039F7D31757F5E400ACA2B2 /* AVFoundation.framework */,
				4039F7D11757F5DC00ACA2B2 /* CoreMedia.framework */,
				CFC80382174C0FE0006B492F /* UIKit.framework */,
				CFC80384174C0FE0006B492F /* Foundation.framework */,
				CFC80386174C0FE0006B492F /* CoreGraphics.framework */,
			);
			name = Frameworks;
			sourceTree = "<group>";
		};
		CFC80388174C0FE0006B492F /* Tie Rack */ = {
			isa = PBXGroup;
			children = (
				CF47C56E1815E73100167C0E /* img */,
				CF4DD13D17B29262007550DE /* ties */,
				F31CF3091755110400F9B324 /* TRViewController.h */,
				F31CF30A1755110400F9B324 /* TRViewController.m */,
				CF47C56B1815D94200167C0E /* TRSplashViewController.h */,
				CF47C56C1815D94200167C0E /* TRSplashViewController.m */,
				F31CF30B1755110400F9B324 /* TRViewController.xib */,
				5D02B4C8174E74EB009014FD /* readme.md */,
				CFC80391174C0FE0006B492F /* TRAppDelegate.h */,
				CFC80392174C0FE0006B492F /* TRAppDelegate.m */,
				CFC80389174C0FE0006B492F /* Supporting Files */,
				CF81306D17B3594200ABEB04 /* TRTiesListModel.h */,
				CF81306E17B3594200ABEB04 /* TRTiesListModel.m */,
				CF8130D117B7141E00ABEB04 /* Attribution.txt */,
				CF8130D817B7507900ABEB04 /* TRPhotoBuilder.h */,
				CF8130D917B7507A00ABEB04 /* TRPhotoBuilder.m */,
				CF8130DE17B8149800ABEB04 /* TRHomeViewController.h */,
				CF8130DF17B8149800ABEB04 /* TRHomeViewController.m */,
				CF09731C17CBD73700663ADD /* TRScrollingTieRackView.h */,
				CF09731D17CBD73700663ADD /* TRScrollingTieRackView.m */,
			);
			path = "Tie Rack";
			sourceTree = "<group>";
		};
		CFC80389174C0FE0006B492F /* Supporting Files */ = {
			isa = PBXGroup;
			children = (
				CF4E76FC17CCCCA400F4D226 /* TieRack-imageBrand.png */,
				CF8130D317B7154600ABEB04 /* camera.png */,
				CFC8038A174C0FE0006B492F /* Tie Rack-Info.plist */,
				CFC8038B174C0FE0006B492F /* InfoPlist.strings */,
				CFC8038E174C0FE0006B492F /* main.m */,
				CFC80390174C0FE0006B492F /* Tie Rack-Prefix.pch */,
			);
			name = "Supporting Files";
			sourceTree = "<group>";
		};
		CFF45AE51815B1A1009C0D8C /* Package Assets */ = {
			isa = PBXGroup;
			children = (
				CFF45ADD1815B18E009C0D8C /* Default~iphone.png */,
				CFF45ADE1815B18E009C0D8C /* Default@2x~iphone.png */,
				CFF45ADF1815B18E009C0D8C /* Default-568h@2x~iphone.png */,
			);
			name = "Package Assets";
			sourceTree = "<group>";
		};
/* End PBXGroup section */

/* Begin PBXNativeTarget section */
		CFC8037E174C0FE0006B492F /* Tie Rack */ = {
			isa = PBXNativeTarget;
			buildConfigurationList = CFC8039C174C0FE0006B492F /* Build configuration list for PBXNativeTarget "Tie Rack" */;
			buildPhases = (
				CFC8037B174C0FE0006B492F /* Sources */,
				CFC8037C174C0FE0006B492F /* Frameworks */,
				CFC8037D174C0FE0006B492F /* Resources */,
			);
			buildRules = (
			);
			dependencies = (
			);
			name = "Tie Rack";
			productName = "Tie Rack";
			productReference = CFC8037F174C0FE0006B492F /* Tie Rack.app */;
			productType = "com.apple.product-type.application";
		};
/* End PBXNativeTarget section */

/* Begin PBXProject section */
		CFC80377174C0FE0006B492F /* Project object */ = {
			isa = PBXProject;
			attributes = {
				CLASSPREFIX = TR;
				LastUpgradeCheck = 0510;
				ORGANIZATIONNAME = "iOS Study Group";
				TargetAttributes = {
					CFC8037E174C0FE0006B492F = {
						DevelopmentTeam = XC48ZW3Q69;
					};
				};
			};
			buildConfigurationList = CFC8037A174C0FE0006B492F /* Build configuration list for PBXProject "Tie Rack" */;
			compatibilityVersion = "Xcode 3.2";
			developmentRegion = English;
			hasScannedForEncodings = 0;
			knownRegions = (
				en,
			);
			mainGroup = CFC80376174C0FE0006B492F;
			productRefGroup = CFC80380174C0FE0006B492F /* Products */;
			projectDirPath = "";
			projectRoot = "";
			targets = (
				CFC8037E174C0FE0006B492F /* Tie Rack */,
			);
		};
/* End PBXProject section */

/* Begin PBXResourcesBuildPhase section */
		CFC8037D174C0FE0006B492F /* Resources */ = {
			isa = PBXResourcesBuildPhase;
			buildActionMask = 2147483647;
			files = (
				CFD519F31816BA1F00113AB2 /* HowToUse@2x.png in Resources */,
				CFC8038D174C0FE0006B492F /* InfoPlist.strings in Resources */,
				CFC86BB71816333100584E29 /* KTIPreviewAd@2x.png in Resources */,
				5D02B4C9174E74EB009014FD /* readme.md in Resources */,
				CFC86BB21816298C00584E29 /* KTIDayAd.png in Resources */,
				F31CF30D1755110400F9B324 /* TRViewController.xib in Resources */,
				CFD519F21816BA1F00113AB2 /* HowToUse.png in Resources */,
				CFF45AE11815B18E009C0D8C /* Default~iphone.png in Resources */,
				CF47C55E1815CFC800167C0E /* icon-master.png in Resources */,
				CFF45AE31815B18E009C0D8C /* Default-568h@2x~iphone.png in Resources */,
				CFF45AE21815B18E009C0D8C /* Default@2x~iphone.png in Resources */,
				CFC86BB918163AAD00584E29 /* MobileITSolutionsAd@2x.png in Resources */,
				CF4DD14017B29295007550DE /* leadercast.png in Resources */,
				CF47C56A1815D07700167C0E /* Icon-120.png in Resources */,
				CF47C55F1815CFC800167C0E /* Icon-Small.png in Resources */,
				CFD519F51819B25800113AB2 /* icon-black.png in Resources */,
				CF3887721813A7E30014F3DB /* icon-red.png in Resources */,
				CF47C5621815CFC800167C0E /* Icon@2x.png in Resources */,
				CF47C5741815E73100167C0E /* MobileITSolutionsAd.png in Resources */,
				CF4DD14117B29295007550DE /* usa.png in Resources */,
				CF47C5691815D07700167C0E /* Icon-58.png in Resources */,
				CF81306C17B3103B00ABEB04 /* orange.png in Resources */,
				CF3887731813A7E30014F3DB /* cows-with-signs.png in Resources */,
				CF81307117B3F44F00ABEB04 /* icon-green.png in Resources */,
				CF81307317B43CB900ABEB04 /* fruitypepples.png in Resources */,
				CF3887711813A7E30014F3DB /* icon-blue.png in Resources */,
				CF81307517B43EEA00ABEB04 /* icon-yellow.png in Resources */,
				CF8130D217B7141E00ABEB04 /* Attribution.txt in Resources */,
				CF47C5731815E73100167C0E /* camera.png in Resources */,
				CF47C5611815CFC800167C0E /* Icon.png in Resources */,
				CF47C5631815CFC800167C0E /* iTunesArtwork in Resources */,
				CF4E76FD17CCCCA400F4D226 /* TieRack-imageBrand.png in Resources */,
				CF4E770017CD1DA200F4D226 /* leadercast-grey.png in Resources */,
				CF47C5681815D07700167C0E /* Icon-80.png in Resources */,
				CF47C5641815CFC800167C0E /* iTunesArtwork@2x in Resources */,
				CFC86BB31816298C00584E29 /* KTIDayAd@2x.png in Resources */,
				CF47C5601815CFC800167C0E /* Icon-Small@2x.png in Resources */,
				CFC86BB61816333100584E29 /* KTIPreviewAd.png in Resources */,
				CF4E770117CD1DA200F4D226 /* college-kickoff.png in Resources */,
			);
			runOnlyForDeploymentPostprocessing = 0;
		};
/* End PBXResourcesBuildPhase section */

/* Begin PBXSourcesBuildPhase section */
		CFC8037B174C0FE0006B492F /* Sources */ = {
			isa = PBXSourcesBuildPhase;
			buildActionMask = 2147483647;
			files = (
				CFC8038F174C0FE0006B492F /* main.m in Sources */,
				CFC80393174C0FE0006B492F /* TRAppDelegate.m in Sources */,
				F31CF30C1755110400F9B324 /* TRViewController.m in Sources */,
				CF47C56D1815D94200167C0E /* TRSplashViewController.m in Sources */,
				CF81306F17B3594200ABEB04 /* TRTiesListModel.m in Sources */,
				CF8130DA17B7507A00ABEB04 /* TRPhotoBuilder.m in Sources */,
				CF8130E017B8149900ABEB04 /* TRHomeViewController.m in Sources */,
				CF09731E17CBD73700663ADD /* TRScrollingTieRackView.m in Sources */,
			);
			runOnlyForDeploymentPostprocessing = 0;
		};
/* End PBXSourcesBuildPhase section */

/* Begin PBXVariantGroup section */
		CFC8038B174C0FE0006B492F /* InfoPlist.strings */ = {
			isa = PBXVariantGroup;
			children = (
				CFC8038C174C0FE0006B492F /* en */,
			);
			name = InfoPlist.strings;
			sourceTree = "<group>";
		};
/* End PBXVariantGroup section */

/* Begin XCBuildConfiguration section */
		CFC8039A174C0FE0006B492F /* Debug */ = {
			isa = XCBuildConfiguration;
			buildSettings = {
				ALWAYS_SEARCH_USER_PATHS = NO;
				CLANG_CXX_LANGUAGE_STANDARD = "gnu++0x";
				CLANG_CXX_LIBRARY = "libc++";
				CLANG_ENABLE_OBJC_ARC = YES;
				CLANG_WARN_CONSTANT_CONVERSION = YES;
				CLANG_WARN_EMPTY_BODY = YES;
				CLANG_WARN_ENUM_CONVERSION = YES;
				CLANG_WARN_INT_CONVERSION = YES;
				CLANG_WARN__DUPLICATE_METHOD_MATCH = YES;
				"CODE_SIGN_IDENTITY[sdk=iphoneos*]" = "iPhone Developer";
				COPY_PHASE_STRIP = NO;
				GCC_C_LANGUAGE_STANDARD = gnu99;
				GCC_DYNAMIC_NO_PIC = NO;
				GCC_OPTIMIZATION_LEVEL = 0;
				GCC_PREPROCESSOR_DEFINITIONS = (
					"DEBUG=1",
					"$(inherited)",
				);
				GCC_SYMBOLS_PRIVATE_EXTERN = NO;
				GCC_WARN_ABOUT_RETURN_TYPE = YES;
				GCC_WARN_UNINITIALIZED_AUTOS = YES;
				GCC_WARN_UNUSED_VARIABLE = YES;
				IPHONEOS_DEPLOYMENT_TARGET = 6.1;
				ONLY_ACTIVE_ARCH = YES;
				PROVISIONING_PROFILE = "5ED3E7C8-00CA-4F36-BE69-3D7AE4CCE739";
				SDKROOT = iphoneos;
				TARGETED_DEVICE_FAMILY = "1,2";
			};
			name = Debug;
		};
		CFC8039B174C0FE0006B492F /* Release */ = {
			isa = XCBuildConfiguration;
			buildSettings = {
				ALWAYS_SEARCH_USER_PATHS = NO;
				CLANG_CXX_LANGUAGE_STANDARD = "gnu++0x";
				CLANG_CXX_LIBRARY = "libc++";
				CLANG_ENABLE_OBJC_ARC = YES;
				CLANG_WARN_CONSTANT_CONVERSION = YES;
				CLANG_WARN_EMPTY_BODY = YES;
				CLANG_WARN_ENUM_CONVERSION = YES;
				CLANG_WARN_INT_CONVERSION = YES;
				CLANG_WARN__DUPLICATE_METHOD_MATCH = YES;
				CODE_SIGN_IDENTITY = "iPhone Distribution";
				"CODE_SIGN_IDENTITY[sdk=iphoneos*]" = "iPhone Distribution";
				COPY_PHASE_STRIP = YES;
				GCC_C_LANGUAGE_STANDARD = gnu99;
				GCC_WARN_ABOUT_RETURN_TYPE = YES;
				GCC_WARN_UNINITIALIZED_AUTOS = YES;
				GCC_WARN_UNUSED_VARIABLE = YES;
				IPHONEOS_DEPLOYMENT_TARGET = 6.1;
				OTHER_CFLAGS = "-DNS_BLOCK_ASSERTIONS=1";
				PROVISIONING_PROFILE = "5ED3E7C8-00CA-4F36-BE69-3D7AE4CCE739";
				SDKROOT = iphoneos;
				TARGETED_DEVICE_FAMILY = "1,2";
				VALIDATE_PRODUCT = YES;
			};
			name = Release;
		};
		CFC8039D174C0FE0006B492F /* Debug */ = {
			isa = XCBuildConfiguration;
			buildSettings = {
				CODE_SIGN_IDENTITY = "";
				GCC_PRECOMPILE_PREFIX_HEADER = YES;
				GCC_PREFIX_HEADER = "Tie Rack/Tie Rack-Prefix.pch";
				INFOPLIST_FILE = "Tie Rack/Tie Rack-Info.plist";
				PRODUCT_NAME = "$(TARGET_NAME)";
				PROVISIONING_PROFILE = "C5B3FFA8-4499-4C4F-A72E-8527C0E4DD79";
				WRAPPER_EXTENSION = app;
			};
			name = Debug;
		};
		CFC8039E174C0FE0006B492F /* Release */ = {
			isa = XCBuildConfiguration;
			buildSettings = {
				CODE_SIGN_IDENTITY = "";
				GCC_PRECOMPILE_PREFIX_HEADER = YES;
				GCC_PREFIX_HEADER = "Tie Rack/Tie Rack-Prefix.pch";
				INFOPLIST_FILE = "Tie Rack/Tie Rack-Info.plist";
				PRODUCT_NAME = "$(TARGET_NAME)";
				PROVISIONING_PROFILE = "C5B3FFA8-4499-4C4F-A72E-8527C0E4DD79";
				WRAPPER_EXTENSION = app;
			};
			name = Release;
		};
/* End XCBuildConfiguration section */

/* Begin XCConfigurationList section */
		CFC8037A174C0FE0006B492F /* Build configuration list for PBXProject "Tie Rack" */ = {
			isa = XCConfigurationList;
			buildConfigurations = (
				CFC8039A174C0FE0006B492F /* Debug */,
				CFC8039B174C0FE0006B492F /* Release */,
			);
			defaultConfigurationIsVisible = 0;
			defaultConfigurationName = Release;
		};
		CFC8039C174C0FE0006B492F /* Build configuration list for PBXNativeTarget "Tie Rack" */ = {
			isa = XCConfigurationList;
			buildConfigurations = (
				CFC8039D174C0FE0006B492F /* Debug */,
				CFC8039E174C0FE0006B492F /* Release */,
			);
			defaultConfigurationIsVisible = 0;
			defaultConfigurationName = Release;
		};
/* End XCConfigurationList section */
	};
	rootObject = CFC80377174C0FE0006B492F /* Project object */;
}
